
Microsoft Visual Studio Solution File, Format Version 12.00
# Visual Studio Version 16
VisualStudioVersion = 16.0.34114.132
MinimumVisualStudioVersion = 10.0.40219.1
Project("{FAE04EC0-301F-11D3-BF4B-00C04F79EFBC}") = "CaseStudySeleniumWebscraper", "CaseStudySeleniumWebscraper\CaseStudySeleniumWebscraper.csproj", "{6C5349BB-7F4C-445F-912B-531CC3752154}"
EndProject
Global
	GlobalSection(SolutionConfigurationPlatforms) = preSolution
		Debug|Any CPU = Debug|Any CPU
		Release|Any CPU = Release|Any CPU
	EndGlobalSection
	GlobalSection(ProjectConfigurationPlatforms) = postSolution
		{6C5349BB-7F4C-445F-912B-531CC3752154}.Debug|Any CPU.ActiveCfg = Debug|Any CPU
		{6C5349BB-7F4C-445F-912B-531CC3752154}.Debug|Any CPU.Build.0 = Debug|Any CPU
		{6C5349BB-7F4C-445F-912B-531CC3752154}.Release|Any CPU.ActiveCfg = Release|Any CPU
		{6C5349BB-7F4C-445F-912B-531CC3752154}.Release|Any CPU.Build.0 = Release|Any CPU
	EndGlobalSection
	GlobalSection(SolutionProperties) = preSolution
		HideSolutionNode = FALSE
	EndGlobalSection
	GlobalSection(ExtensibilityGlobals) = postSolution
		SolutionGuid = {CD8333F3-037F-4D48-BFFB-DC6B7EC88F20}
	EndGlobalSection
EndGlobal
